
Microsoft Visual Studio Solution File, Format Version 12.00
# Visual Studio Version 17
VisualStudioVersion = 17.13.35825.156
MinimumVisualStudioVersion = 10.0.40219.1
Project("{FAE04EC0-301F-11D3-BF4B-00C04F79EFBC}") = "VehicleRenting.UI", "VehicleRenting.UI\VehicleRenting.UI.csproj", "{DB8EF58A-F98B-4FAF-B5CE-741E19ED35EE}"
EndProject
Project("{FAE04EC0-301F-11D3-BF4B-00C04F79EFBC}") = "VehicleRenting.DAL", "VehicleRenting.DAL\VehicleRenting.DAL.csproj", "{534F0CB6-8C49-4ADC-8C7E-5BDB807E1030}"
EndProject
Project("{FAE04EC0-301F-11D3-BF4B-00C04F79EFBC}") = "VehicleRenting.BLL", "VehicleRenting.BLL\VehicleRenting.BLL.csproj", "{75CD1A33-42CB-43AB-8F20-F9650E7114E7}"
EndProject
Project("{FAE04EC0-301F-11D3-BF4B-00C04F79EFBC}") = "VehicleRenting.Entities", "VehicleRenting.Entities\VehicleRenting.Entities.csproj", "{A6B8E22E-A1D3-4CAF-A148-9A86BB8C0660}"
EndProject
Global
	GlobalSection(SolutionConfigurationPlatforms) = preSolution
		Debug|Any CPU = Debug|Any CPU
		Release|Any CPU = Release|Any CPU
	EndGlobalSection
	GlobalSection(ProjectConfigurationPlatforms) = postSolution
		{DB8EF58A-F98B-4FAF-B5CE-741E19ED35EE}.Debug|Any CPU.ActiveCfg = Debug|Any CPU
		{DB8EF58A-F98B-4FAF-B5CE-741E19ED35EE}.Debug|Any CPU.Build.0 = Debug|Any CPU
		{DB8EF58A-F98B-4FAF-B5CE-741E19ED35EE}.Release|Any CPU.ActiveCfg = Release|Any CPU
		{DB8EF58A-F98B-4FAF-B5CE-741E19ED35EE}.Release|Any CPU.Build.0 = Release|Any CPU
		{534F0CB6-8C49-4ADC-8C7E-5BDB807E1030}.Debug|Any CPU.ActiveCfg = Debug|Any CPU
		{534F0CB6-8C49-4ADC-8C7E-5BDB807E1030}.Debug|Any CPU.Build.0 = Debug|Any CPU
		{534F0CB6-8C49-4ADC-8C7E-5BDB807E1030}.Release|Any CPU.ActiveCfg = Release|Any CPU
		{534F0CB6-8C49-4ADC-8C7E-5BDB807E1030}.Release|Any CPU.Build.0 = Release|Any CPU
		{75CD1A33-42CB-43AB-8F20-F9650E7114E7}.Debug|Any CPU.ActiveCfg = Debug|Any CPU
		{75CD1A33-42CB-43AB-8F20-F9650E7114E7}.Debug|Any CPU.Build.0 = Debug|Any CPU
		{75CD1A33-42CB-43AB-8F20-F9650E7114E7}.Release|Any CPU.ActiveCfg = Release|Any CPU
		{75CD1A33-42CB-43AB-8F20-F9650E7114E7}.Release|Any CPU.Build.0 = Release|Any CPU
		{A6B8E22E-A1D3-4CAF-A148-9A86BB8C0660}.Debug|Any CPU.ActiveCfg = Debug|Any CPU
		{A6B8E22E-A1D3-4CAF-A148-9A86BB8C0660}.Debug|Any CPU.Build.0 = Debug|Any CPU
		{A6B8E22E-A1D3-4CAF-A148-9A86BB8C0660}.Release|Any CPU.ActiveCfg = Release|Any CPU
		{A6B8E22E-A1D3-4CAF-A148-9A86BB8C0660}.Release|Any CPU.Build.0 = Release|Any CPU
	EndGlobalSection
	GlobalSection(SolutionProperties) = preSolution
		HideSolutionNode = FALSE
	EndGlobalSection
	GlobalSection(ExtensibilityGlobals) = postSolution
		SolutionGuid = {31C5EF43-F918-459E-96E6-8FFDE4DFA597}
	EndGlobalSection
EndGlobal
